<?xml version="1.0" encoding="UTF-8"?>
<!DOCTYPE plist PUBLIC "-//Apple//DTD PLIST 1.0//EN" "http://www.apple.com/DTDs/PropertyList-1.0.dtd">
<plist version="1.0">
<dict>
	<key>archiveVersion</key>
	<string>1</string>
	<key>classes</key>
	<dict/>
	<key>objectVersion</key>
	<string>46</string>
	<key>objects</key>
	<dict>
		<key>3E8BFC6AA6379077CC21A21C</key>
		<dict>
			<key>fileRef</key>
			<string>7E9A4C3CDE8CF146FB150069</string>
			<key>isa</key>
			<string>PBXBuildFile</string>
		</dict>
		<key>54925D156B5DE6EAC636A67B</key>
		<dict>
			<key>includeInIndex</key>
			<string>1</string>
			<key>isa</key>
			<string>PBXFileReference</string>
			<key>lastKnownFileType</key>
			<string>text.xcconfig</string>
			<key>name</key>
			<string>Pods-Weibo.release.xcconfig</string>
			<key>path</key>
			<string>Pods/Target Support Files/Pods-Weibo/Pods-Weibo.release.xcconfig</string>
			<key>sourceTree</key>
			<string>&lt;group&gt;</string>
		</dict>
		<key>5DC3449FB0BF971BCC6A1CB1</key>
		<dict>
			<key>buildActionMask</key>
			<string>2147483647</string>
			<key>files</key>
			<array/>
			<key>inputPaths</key>
			<array/>
			<key>isa</key>
			<string>PBXShellScriptBuildPhase</string>
			<key>name</key>
			<string>[CP] Check Pods Manifest.lock</string>
			<key>outputPaths</key>
			<array/>
			<key>runOnlyForDeploymentPostprocessing</key>
			<string>0</string>
			<key>shellPath</key>
			<string>/bin/sh</string>
			<key>shellScript</key>
			<string>diff "${PODS_ROOT}/../Podfile.lock" "${PODS_ROOT}/Manifest.lock" &gt; /dev/null
if [[ $? != 0 ]] ; then
    cat &lt;&lt; EOM
error: The sandbox is not in sync with the Podfile.lock. Run 'pod install' or update your CocoaPods installation.
EOM
    exit 1
fi
</string>
			<key>showEnvVarsInLog</key>
			<string>0</string>
		</dict>
		<key>5DC90773D0994034A7F4CA14</key>
		<dict>
			<key>buildActionMask</key>
			<string>2147483647</string>
			<key>files</key>
			<array/>
			<key>inputPaths</key>
			<array/>
			<key>isa</key>
			<string>PBXShellScriptBuildPhase</string>
			<key>name</key>
			<string>[CP] Embed Pods Frameworks</string>
			<key>outputPaths</key>
			<array/>
			<key>runOnlyForDeploymentPostprocessing</key>
			<string>0</string>
			<key>shellPath</key>
			<string>/bin/sh</string>
			<key>shellScript</key>
			<string>"${SRCROOT}/Pods/Target Support Files/Pods-Weibo/Pods-Weibo-frameworks.sh"
</string>
			<key>showEnvVarsInLog</key>
			<string>0</string>
		</dict>
		<key>70498E4D0762377A4D7046B2</key>
		<dict>
			<key>buildActionMask</key>
			<string>2147483647</string>
			<key>files</key>
			<array/>
			<key>inputPaths</key>
			<array/>
			<key>isa</key>
			<string>PBXShellScriptBuildPhase</string>
			<key>name</key>
			<string>[CP] Copy Pods Resources</string>
			<key>outputPaths</key>
			<array/>
			<key>runOnlyForDeploymentPostprocessing</key>
			<string>0</string>
			<key>shellPath</key>
			<string>/bin/sh</string>
			<key>shellScript</key>
			<string>"${SRCROOT}/Pods/Target Support Files/Pods-Weibo/Pods-Weibo-resources.sh"
</string>
			<key>showEnvVarsInLog</key>
			<string>0</string>
		</dict>
		<key>7E9A4C3CDE8CF146FB150069</key>
		<dict>
			<key>explicitFileType</key>
			<string>wrapper.framework</string>
			<key>includeInIndex</key>
			<string>0</string>
			<key>isa</key>
			<string>PBXFileReference</string>
			<key>path</key>
			<string>Pods_Weibo.framework</string>
			<key>sourceTree</key>
			<string>BUILT_PRODUCTS_DIR</string>
		</dict>
		<key>ABA7A8EA9E87089265A30059</key>
		<dict>
			<key>children</key>
			<array>
				<string>7E9A4C3CDE8CF146FB150069</string>
			</array>
			<key>isa</key>
			<string>PBXGroup</string>
			<key>name</key>
			<string>Frameworks</string>
			<key>sourceTree</key>
			<string>&lt;group&gt;</string>
		</dict>
		<key>B63A799E1DA5559F00F29FC5</key>
		<dict>
			<key>children</key>
			<array>
				<string>B63A79A91DA5559F00F29FC5</string>
				<string>B63A79BE1DA5559F00F29FC5</string>
				<string>B63A79C91DA5559F00F29FC5</string>
				<string>B63A79A81DA5559F00F29FC5</string>
				<string>B650E8531DBE5C68009623D0</string>
				<string>ABA7A8EA9E87089265A30059</string>
				<string>E7F9B729EEE61BCDF6856727</string>
			</array>
			<key>isa</key>
			<string>PBXGroup</string>
			<key>sourceTree</key>
			<string>&lt;group&gt;</string>
		</dict>
		<key>B63A799F1DA5559F00F29FC5</key>
		<dict>
			<key>attributes</key>
			<dict>
				<key>CLASSPREFIX</key>
				<string>CHA</string>
				<key>LastSwiftUpdateCheck</key>
				<string>0800</string>
				<key>LastUpgradeCheck</key>
				<string>0800</string>
				<key>ORGANIZATIONNAME</key>
				<string>Wei Zhou</string>
				<key>TargetAttributes</key>
				<dict>
					<key>B63A79A61DA5559F00F29FC5</key>
					<dict>
						<key>CreatedOnToolsVersion</key>
						<string>8.0</string>
						<key>DevelopmentTeam</key>
						<string>K9G8A2A8Q6</string>
						<key>ProvisioningStyle</key>
						<string>Automatic</string>
					</dict>
					<key>B63A79BA1DA5559F00F29FC5</key>
					<dict>
						<key>CreatedOnToolsVersion</key>
						<string>8.0</string>
						<key>DevelopmentTeam</key>
						<string>K9G8A2A8Q6</string>
						<key>ProvisioningStyle</key>
						<string>Automatic</string>
						<key>TestTargetID</key>
						<string>B63A79A61DA5559F00F29FC5</string>
					</dict>
					<key>B63A79C51DA5559F00F29FC5</key>
					<dict>
						<key>CreatedOnToolsVersion</key>
						<string>8.0</string>
						<key>DevelopmentTeam</key>
						<string>K9G8A2A8Q6</string>
						<key>ProvisioningStyle</key>
						<string>Automatic</string>
						<key>TestTargetID</key>
						<string>B63A79A61DA5559F00F29FC5</string>
					</dict>
				</dict>
			</dict>
			<key>buildConfigurationList</key>
			<string>B63A79A21DA5559F00F29FC5</string>
			<key>compatibilityVersion</key>
			<string>Xcode 3.2</string>
			<key>developmentRegion</key>
			<string>English</string>
			<key>hasScannedForEncodings</key>
			<string>0</string>
			<key>isa</key>
			<string>PBXProject</string>
			<key>knownRegions</key>
			<array>
				<string>en</string>
				<string>Base</string>
			</array>
			<key>mainGroup</key>
			<string>B63A799E1DA5559F00F29FC5</string>
			<key>productRefGroup</key>
			<string>B63A79A81DA5559F00F29FC5</string>
			<key>projectDirPath</key>
			<string></string>
			<key>projectReferences</key>
			<array/>
			<key>projectRoot</key>
			<string></string>
			<key>targets</key>
			<array>
				<string>B63A79A61DA5559F00F29FC5</string>
				<string>B63A79BA1DA5559F00F29FC5</string>
				<string>B63A79C51DA5559F00F29FC5</string>
			</array>
		</dict>
		<key>B63A79A21DA5559F00F29FC5</key>
		<dict>
			<key>buildConfigurations</key>
			<array>
				<string>B63A79CD1DA5559F00F29FC5</string>
				<string>B63A79CE1DA5559F00F29FC5</string>
			</array>
			<key>defaultConfigurationIsVisible</key>
			<string>0</string>
			<key>defaultConfigurationName</key>
			<string>Release</string>
			<key>isa</key>
			<string>XCConfigurationList</string>
		</dict>
		<key>B63A79A31DA5559F00F29FC5</key>
		<dict>
			<key>buildActionMask</key>
			<string>2147483647</string>
			<key>files</key>
			<array>
				<string>B6692DC01DAFEC430028ED4E</string>
				<string>B6692DC61DAFECB70028ED4E</string>
				<string>B6692DBB1DAFEC430028ED4E</string>
				<string>B6692DBC1DAFEC430028ED4E</string>
				<string>B6692DCA1DAFED7B0028ED4E</string>
				<string>B6692DD01DAFEE480028ED4E</string>
				<string>B6692DD41DAFEE650028ED4E</string>
				<string>B6692DBF1DAFEC430028ED4E</string>
				<string>B6692DBA1DAFEC430028ED4E</string>
				<string>B6CDBB3B1DB116E700CD726D</string>
				<string>B6692DCE1DAFEE190028ED4E</string>
				<string>B6692DCC1DAFEDCE0028ED4E</string>
				<string>B6692DD21DAFEE580028ED4E</string>
				<string>B6692DC31DAFEC430028ED4E</string>
				<string>B6692DC11DAFEC430028ED4E</string>
				<string>B63A79AB1DA5559F00F29FC5</string>
				<string>B6692DBE1DAFEC430028ED4E</string>
				<string>B6692DB91DAFEC430028ED4E</string>
				<string>B6692DD61DAFEF090028ED4E</string>
				<string>B6692DB81DAFEC430028ED4E</string>
				<string>B673A4561DB51DAC0055C419</string>
				<string>B6692DC81DAFED270028ED4E</string>
				<string>B650E5491DBE5AFC009623D0</string>
				<string>B6692DC21DAFEC430028ED4E</string>
				<string>B6692DBD1DAFEC430028ED4E</string>
			</array>
			<key>isa</key>
			<string>PBXSourcesBuildPhase</string>
			<key>runOnlyForDeploymentPostprocessing</key>
			<string>0</string>
		</dict>
		<key>B63A79A41DA5559F00F29FC5</key>
		<dict>
			<key>buildActionMask</key>
			<string>2147483647</string>
			<key>files</key>
			<array>
				<string>3E8BFC6AA6379077CC21A21C</string>
			</array>
			<key>isa</key>
			<string>PBXFrameworksBuildPhase</string>
			<key>runOnlyForDeploymentPostprocessing</key>
			<string>0</string>
		</dict>
		<key>B63A79A51DA5559F00F29FC5</key>
		<dict>
			<key>buildActionMask</key>
			<string>2147483647</string>
			<key>files</key>
			<array>
				<string>B65D34991DB7CB14000D50C3</string>
				<string>B63A79B21DA5559F00F29FC5</string>
				<string>B650E8541DBE5C68009623D0</string>
			</array>
			<key>isa</key>
			<string>PBXResourcesBuildPhase</string>
			<key>runOnlyForDeploymentPostprocessing</key>
			<string>0</string>
		</dict>
		<key>B63A79A61DA5559F00F29FC5</key>
		<dict>
			<key>buildConfigurationList</key>
			<string>B63A79CF1DA5559F00F29FC5</string>
			<key>buildPhases</key>
			<array>
				<string>5DC3449FB0BF971BCC6A1CB1</string>
				<string>B63A79A31DA5559F00F29FC5</string>
				<string>B63A79A41DA5559F00F29FC5</string>
				<string>B63A79A51DA5559F00F29FC5</string>
				<string>5DC90773D0994034A7F4CA14</string>
				<string>70498E4D0762377A4D7046B2</string>
			</array>
			<key>buildRules</key>
			<array/>
			<key>dependencies</key>
			<array/>
			<key>isa</key>
			<string>PBXNativeTarget</string>
			<key>name</key>
			<string>Weibo</string>
			<key>productName</key>
			<string>Weibo</string>
			<key>productReference</key>
			<string>B63A79A71DA5559F00F29FC5</string>
			<key>productType</key>
			<string>com.apple.product-type.application</string>
		</dict>
		<key>B63A79A71DA5559F00F29FC5</key>
		<dict>
			<key>explicitFileType</key>
			<string>wrapper.application</string>
			<key>includeInIndex</key>
			<string>0</string>
			<key>isa</key>
			<string>PBXFileReference</string>
			<key>path</key>
			<string>Weibo.app</string>
			<key>sourceTree</key>
			<string>BUILT_PRODUCTS_DIR</string>
		</dict>
		<key>B63A79A81DA5559F00F29FC5</key>
		<dict>
			<key>children</key>
			<array>
				<string>B63A79A71DA5559F00F29FC5</string>
				<string>B63A79BB1DA5559F00F29FC5</string>
				<string>B63A79C61DA5559F00F29FC5</string>
			</array>
			<key>isa</key>
			<string>PBXGroup</string>
			<key>name</key>
			<string>Products</string>
			<key>sourceTree</key>
			<string>&lt;group&gt;</string>
		</dict>
		<key>B63A79A91DA5559F00F29FC5</key>
		<dict>
			<key>children</key>
			<array>
				<string>B63A79D81DA55B4300F29FC5</string>
				<string>B63A79AA1DA5559F00F29FC5</string>
				<string>B6692D661DAFCCEC0028ED4E</string>
				<string>B63A79B11DA5559F00F29FC5</string>
				<string>B63A79B61DA5559F00F29FC5</string>
			</array>
			<key>isa</key>
			<string>PBXGroup</string>
			<key>path</key>
			<string>Weibo</string>
			<key>sourceTree</key>
			<string>&lt;group&gt;</string>
		</dict>
		<key>B63A79AA1DA5559F00F29FC5</key>
		<dict>
			<key>isa</key>
			<string>PBXFileReference</string>
			<key>lastKnownFileType</key>
			<string>sourcecode.swift</string>
			<key>path</key>
			<string>AppDelegate.swift</string>
			<key>sourceTree</key>
			<string>&lt;group&gt;</string>
		</dict>
		<key>B63A79AB1DA5559F00F29FC5</key>
		<dict>
			<key>fileRef</key>
			<string>B63A79AA1DA5559F00F29FC5</string>
			<key>isa</key>
			<string>PBXBuildFile</string>
		</dict>
		<key>B63A79B11DA5559F00F29FC5</key>
		<dict>
			<key>isa</key>
			<string>PBXFileReference</string>
			<key>lastKnownFileType</key>
			<string>folder.assetcatalog</string>
			<key>path</key>
			<string>Assets.xcassets</string>
			<key>sourceTree</key>
			<string>&lt;group&gt;</string>
		</dict>
		<key>B63A79B21DA5559F00F29FC5</key>
		<dict>
			<key>fileRef</key>
			<string>B63A79B11DA5559F00F29FC5</string>
			<key>isa</key>
			<string>PBXBuildFile</string>
		</dict>
		<key>B63A79B61DA5559F00F29FC5</key>
		<dict>
			<key>isa</key>
			<string>PBXFileReference</string>
			<key>lastKnownFileType</key>
			<string>text.plist.xml</string>
			<key>path</key>
			<string>Info.plist</string>
			<key>sourceTree</key>
			<string>&lt;group&gt;</string>
		</dict>
		<key>B63A79B71DA5559F00F29FC5</key>
		<dict>
			<key>buildActionMask</key>
			<string>2147483647</string>
			<key>files</key>
			<array>
				<string>B63A79C01DA5559F00F29FC5</string>
			</array>
			<key>isa</key>
			<string>PBXSourcesBuildPhase</string>
			<key>runOnlyForDeploymentPostprocessing</key>
			<string>0</string>
		</dict>
		<key>B63A79B81DA5559F00F29FC5</key>
		<dict>
			<key>buildActionMask</key>
			<string>2147483647</string>
			<key>files</key>
			<array/>
			<key>isa</key>
			<string>PBXFrameworksBuildPhase</string>
			<key>runOnlyForDeploymentPostprocessing</key>
			<string>0</string>
		</dict>
		<key>B63A79B91DA5559F00F29FC5</key>
		<dict>
			<key>buildActionMask</key>
			<string>2147483647</string>
			<key>files</key>
			<array/>
			<key>isa</key>
			<string>PBXResourcesBuildPhase</string>
			<key>runOnlyForDeploymentPostprocessing</key>
			<string>0</string>
		</dict>
		<key>B63A79BA1DA5559F00F29FC5</key>
		<dict>
			<key>buildConfigurationList</key>
			<string>B63A79D21DA5559F00F29FC5</string>
			<key>buildPhases</key>
			<array>
				<string>B63A79B71DA5559F00F29FC5</string>
				<string>B63A79B81DA5559F00F29FC5</string>
				<string>B63A79B91DA5559F00F29FC5</string>
			</array>
			<key>buildRules</key>
			<array/>
			<key>dependencies</key>
			<array>
				<string>B63A79BD1DA5559F00F29FC5</string>
			</array>
			<key>isa</key>
			<string>PBXNativeTarget</string>
			<key>name</key>
			<string>WeiboTests</string>
			<key>productName</key>
			<string>WeiboTests</string>
			<key>productReference</key>
			<string>B63A79BB1DA5559F00F29FC5</string>
			<key>productType</key>
			<string>com.apple.product-type.bundle.unit-test</string>
		</dict>
		<key>B63A79BB1DA5559F00F29FC5</key>
		<dict>
			<key>explicitFileType</key>
			<string>wrapper.cfbundle</string>
			<key>includeInIndex</key>
			<string>0</string>
			<key>isa</key>
			<string>PBXFileReference</string>
			<key>path</key>
			<string>WeiboTests.xctest</string>
			<key>sourceTree</key>
			<string>BUILT_PRODUCTS_DIR</string>
		</dict>
		<key>B63A79BC1DA5559F00F29FC5</key>
		<dict>
			<key>containerPortal</key>
			<string>B63A799F1DA5559F00F29FC5</string>
			<key>isa</key>
			<string>PBXContainerItemProxy</string>
			<key>proxyType</key>
			<string>1</string>
			<key>remoteGlobalIDString</key>
			<string>B63A79A61DA5559F00F29FC5</string>
			<key>remoteInfo</key>
			<string>Weibo</string>
		</dict>
		<key>B63A79BD1DA5559F00F29FC5</key>
		<dict>
			<key>isa</key>
			<string>PBXTargetDependency</string>
			<key>target</key>
			<string>B63A79A61DA5559F00F29FC5</string>
			<key>targetProxy</key>
			<string>B63A79BC1DA5559F00F29FC5</string>
		</dict>
		<key>B63A79BE1DA5559F00F29FC5</key>
		<dict>
			<key>children</key>
			<array>
				<string>B63A79BF1DA5559F00F29FC5</string>
			</array>
			<key>isa</key>
			<string>PBXGroup</string>
			<key>path</key>
			<string>WeiboTests</string>
			<key>sourceTree</key>
			<string>&lt;group&gt;</string>
		</dict>
		<key>B63A79BF1DA5559F00F29FC5</key>
		<dict>
			<key>isa</key>
			<string>PBXFileReference</string>
			<key>lastKnownFileType</key>
			<string>sourcecode.swift</string>
			<key>path</key>
			<string>WeiboTests.swift</string>
			<key>sourceTree</key>
			<string>&lt;group&gt;</string>
		</dict>
		<key>B63A79C01DA5559F00F29FC5</key>
		<dict>
			<key>fileRef</key>
			<string>B63A79BF1DA5559F00F29FC5</string>
			<key>isa</key>
			<string>PBXBuildFile</string>
		</dict>
		<key>B63A79C21DA5559F00F29FC5</key>
		<dict>
			<key>buildActionMask</key>
			<string>2147483647</string>
			<key>files</key>
			<array>
				<string>B63A79CB1DA5559F00F29FC5</string>
			</array>
			<key>isa</key>
			<string>PBXSourcesBuildPhase</string>
			<key>runOnlyForDeploymentPostprocessing</key>
			<string>0</string>
		</dict>
		<key>B63A79C31DA5559F00F29FC5</key>
		<dict>
			<key>buildActionMask</key>
			<string>2147483647</string>
			<key>files</key>
			<array/>
			<key>isa</key>
			<string>PBXFrameworksBuildPhase</string>
			<key>runOnlyForDeploymentPostprocessing</key>
			<string>0</string>
		</dict>
		<key>B63A79C41DA5559F00F29FC5</key>
		<dict>
			<key>buildActionMask</key>
			<string>2147483647</string>
			<key>files</key>
			<array/>
			<key>isa</key>
			<string>PBXResourcesBuildPhase</string>
			<key>runOnlyForDeploymentPostprocessing</key>
			<string>0</string>
		</dict>
		<key>B63A79C51DA5559F00F29FC5</key>
		<dict>
			<key>buildConfigurationList</key>
			<string>B63A79D51DA5559F00F29FC5</string>
			<key>buildPhases</key>
			<array>
				<string>B63A79C21DA5559F00F29FC5</string>
				<string>B63A79C31DA5559F00F29FC5</string>
				<string>B63A79C41DA5559F00F29FC5</string>
			</array>
			<key>buildRules</key>
			<array/>
			<key>dependencies</key>
			<array>
				<string>B63A79C81DA5559F00F29FC5</string>
			</array>
			<key>isa</key>
			<string>PBXNativeTarget</string>
			<key>name</key>
			<string>WeiboUITests</string>
			<key>productName</key>
			<string>WeiboUITests</string>
			<key>productReference</key>
			<string>B63A79C61DA5559F00F29FC5</string>
			<key>productType</key>
			<string>com.apple.product-type.bundle.ui-testing</string>
		</dict>
		<key>B63A79C61DA5559F00F29FC5</key>
		<dict>
			<key>explicitFileType</key>
			<string>wrapper.cfbundle</string>
			<key>includeInIndex</key>
			<string>0</string>
			<key>isa</key>
			<string>PBXFileReference</string>
			<key>path</key>
			<string>WeiboUITests.xctest</string>
			<key>sourceTree</key>
			<string>BUILT_PRODUCTS_DIR</string>
		</dict>
		<key>B63A79C71DA5559F00F29FC5</key>
		<dict>
			<key>containerPortal</key>
			<string>B63A799F1DA5559F00F29FC5</string>
			<key>isa</key>
			<string>PBXContainerItemProxy</string>
			<key>proxyType</key>
			<string>1</string>
			<key>remoteGlobalIDString</key>
			<string>B63A79A61DA5559F00F29FC5</string>
			<key>remoteInfo</key>
			<string>Weibo</string>
		</dict>
		<key>B63A79C81DA5559F00F29FC5</key>
		<dict>
			<key>isa</key>
			<string>PBXTargetDependency</string>
			<key>target</key>
			<string>B63A79A61DA5559F00F29FC5</string>
			<key>targetProxy</key>
			<string>B63A79C71DA5559F00F29FC5</string>
		</dict>
		<key>B63A79C91DA5559F00F29FC5</key>
		<dict>
			<key>children</key>
			<array>
				<string>B63A79CA1DA5559F00F29FC5</string>
			</array>
			<key>isa</key>
			<string>PBXGroup</string>
			<key>path</key>
			<string>WeiboUITests</string>
			<key>sourceTree</key>
			<string>&lt;group&gt;</string>
		</dict>
		<key>B63A79CA1DA5559F00F29FC5</key>
		<dict>
			<key>isa</key>
			<string>PBXFileReference</string>
			<key>lastKnownFileType</key>
			<string>sourcecode.swift</string>
			<key>path</key>
			<string>WeiboUITests.swift</string>
			<key>sourceTree</key>
			<string>&lt;group&gt;</string>
		</dict>
		<key>B63A79CB1DA5559F00F29FC5</key>
		<dict>
			<key>fileRef</key>
			<string>B63A79CA1DA5559F00F29FC5</string>
			<key>isa</key>
			<string>PBXBuildFile</string>
		</dict>
		<key>B63A79CD1DA5559F00F29FC5</key>
		<dict>
			<key>buildSettings</key>
			<dict>
				<key>ALWAYS_SEARCH_USER_PATHS</key>
				<string>NO</string>
				<key>CLANG_ANALYZER_NONNULL</key>
				<string>YES</string>
				<key>CLANG_CXX_LANGUAGE_STANDARD</key>
				<string>gnu++0x</string>
				<key>CLANG_CXX_LIBRARY</key>
				<string>libc++</string>
				<key>CLANG_ENABLE_MODULES</key>
				<string>YES</string>
				<key>CLANG_ENABLE_OBJC_ARC</key>
				<string>YES</string>
				<key>CLANG_WARN_BOOL_CONVERSION</key>
				<string>YES</string>
				<key>CLANG_WARN_CONSTANT_CONVERSION</key>
				<string>YES</string>
				<key>CLANG_WARN_DIRECT_OBJC_ISA_USAGE</key>
				<string>YES_ERROR</string>
				<key>CLANG_WARN_DOCUMENTATION_COMMENTS</key>
				<string>YES</string>
				<key>CLANG_WARN_EMPTY_BODY</key>
				<string>YES</string>
				<key>CLANG_WARN_ENUM_CONVERSION</key>
				<string>YES</string>
				<key>CLANG_WARN_INFINITE_RECURSION</key>
				<string>YES</string>
				<key>CLANG_WARN_INT_CONVERSION</key>
				<string>YES</string>
				<key>CLANG_WARN_OBJC_ROOT_CLASS</key>
				<string>YES_ERROR</string>
				<key>CLANG_WARN_SUSPICIOUS_MOVE</key>
				<string>YES</string>
				<key>CLANG_WARN_SUSPICIOUS_MOVES</key>
				<string>YES</string>
				<key>CLANG_WARN_UNREACHABLE_CODE</key>
				<string>YES</string>
				<key>CLANG_WARN__DUPLICATE_METHOD_MATCH</key>
				<string>YES</string>
				<key>CODE_SIGN_IDENTITY[sdk=iphoneos*]</key>
				<string>iPhone Developer</string>
				<key>COPY_PHASE_STRIP</key>
				<string>NO</string>
				<key>DEBUG_INFORMATION_FORMAT</key>
				<string>dwarf</string>
				<key>ENABLE_STRICT_OBJC_MSGSEND</key>
				<string>YES</string>
				<key>ENABLE_TESTABILITY</key>
				<string>YES</string>
				<key>GCC_C_LANGUAGE_STANDARD</key>
				<string>gnu99</string>
				<key>GCC_DYNAMIC_NO_PIC</key>
				<string>NO</string>
				<key>GCC_NO_COMMON_BLOCKS</key>
				<string>YES</string>
				<key>GCC_OPTIMIZATION_LEVEL</key>
				<string>0</string>
				<key>GCC_PREPROCESSOR_DEFINITIONS</key>
				<array>
					<string>DEBUG=1</string>
					<string>$(inherited)</string>
				</array>
				<key>GCC_WARN_64_TO_32_BIT_CONVERSION</key>
				<string>YES</string>
				<key>GCC_WARN_ABOUT_RETURN_TYPE</key>
				<string>YES_ERROR</string>
				<key>GCC_WARN_UNDECLARED_SELECTOR</key>
				<string>YES</string>
				<key>GCC_WARN_UNINITIALIZED_AUTOS</key>
				<string>YES_AGGRESSIVE</string>
				<key>GCC_WARN_UNUSED_FUNCTION</key>
				<string>YES</string>
				<key>GCC_WARN_UNUSED_VARIABLE</key>
				<string>YES</string>
				<key>IPHONEOS_DEPLOYMENT_TARGET</key>
				<string>8.0</string>
				<key>MTL_ENABLE_DEBUG_INFO</key>
				<string>YES</string>
				<key>ONLY_ACTIVE_ARCH</key>
				<string>YES</string>
				<key>SDKROOT</key>
				<string>iphoneos</string>
				<key>SWIFT_ACTIVE_COMPILATION_CONDITIONS</key>
				<string>DEBUG</string>
				<key>SWIFT_OPTIMIZATION_LEVEL</key>
				<string>-Onone</string>
			</dict>
			<key>isa</key>
			<string>XCBuildConfiguration</string>
			<key>name</key>
			<string>Debug</string>
		</dict>
		<key>B63A79CE1DA5559F00F29FC5</key>
		<dict>
			<key>buildSettings</key>
			<dict>
				<key>ALWAYS_SEARCH_USER_PATHS</key>
				<string>NO</string>
				<key>CLANG_ANALYZER_NONNULL</key>
				<string>YES</string>
				<key>CLANG_CXX_LANGUAGE_STANDARD</key>
				<string>gnu++0x</string>
				<key>CLANG_CXX_LIBRARY</key>
				<string>libc++</string>
				<key>CLANG_ENABLE_MODULES</key>
				<string>YES</string>
				<key>CLANG_ENABLE_OBJC_ARC</key>
				<string>YES</string>
				<key>CLANG_WARN_BOOL_CONVERSION</key>
				<string>YES</string>
				<key>CLANG_WARN_CONSTANT_CONVERSION</key>
				<string>YES</string>
				<key>CLANG_WARN_DIRECT_OBJC_ISA_USAGE</key>
				<string>YES_ERROR</string>
				<key>CLANG_WARN_DOCUMENTATION_COMMENTS</key>
				<string>YES</string>
				<key>CLANG_WARN_EMPTY_BODY</key>
				<string>YES</string>
				<key>CLANG_WARN_ENUM_CONVERSION</key>
				<string>YES</string>
				<key>CLANG_WARN_INFINITE_RECURSION</key>
				<string>YES</string>
				<key>CLANG_WARN_INT_CONVERSION</key>
				<string>YES</string>
				<key>CLANG_WARN_OBJC_ROOT_CLASS</key>
				<string>YES_ERROR</string>
				<key>CLANG_WARN_SUSPICIOUS_MOVE</key>
				<string>YES</string>
				<key>CLANG_WARN_SUSPICIOUS_MOVES</key>
				<string>YES</string>
				<key>CLANG_WARN_UNREACHABLE_CODE</key>
				<string>YES</string>
				<key>CLANG_WARN__DUPLICATE_METHOD_MATCH</key>
				<string>YES</string>
				<key>CODE_SIGN_IDENTITY[sdk=iphoneos*]</key>
				<string>iPhone Developer</string>
				<key>COPY_PHASE_STRIP</key>
				<string>NO</string>
				<key>DEBUG_INFORMATION_FORMAT</key>
				<string>dwarf-with-dsym</string>
				<key>ENABLE_NS_ASSERTIONS</key>
				<string>NO</string>
				<key>ENABLE_STRICT_OBJC_MSGSEND</key>
				<string>YES</string>
				<key>GCC_C_LANGUAGE_STANDARD</key>
				<string>gnu99</string>
				<key>GCC_NO_COMMON_BLOCKS</key>
				<string>YES</string>
				<key>GCC_WARN_64_TO_32_BIT_CONVERSION</key>
				<string>YES</string>
				<key>GCC_WARN_ABOUT_RETURN_TYPE</key>
				<string>YES_ERROR</string>
				<key>GCC_WARN_UNDECLARED_SELECTOR</key>
				<string>YES</string>
				<key>GCC_WARN_UNINITIALIZED_AUTOS</key>
				<string>YES_AGGRESSIVE</string>
				<key>GCC_WARN_UNUSED_FUNCTION</key>
				<string>YES</string>
				<key>GCC_WARN_UNUSED_VARIABLE</key>
				<string>YES</string>
				<key>IPHONEOS_DEPLOYMENT_TARGET</key>
				<string>8.0</string>
				<key>MTL_ENABLE_DEBUG_INFO</key>
				<string>NO</string>
				<key>SDKROOT</key>
				<string>iphoneos</string>
				<key>SWIFT_OPTIMIZATION_LEVEL</key>
				<string>-Owholemodule</string>
				<key>VALIDATE_PRODUCT</key>
				<string>YES</string>
			</dict>
			<key>isa</key>
			<string>XCBuildConfiguration</string>
			<key>name</key>
			<string>Release</string>
		</dict>
		<key>B63A79CF1DA5559F00F29FC5</key>
		<dict>
			<key>buildConfigurations</key>
			<array>
				<string>B63A79D01DA5559F00F29FC5</string>
				<string>B63A79D11DA5559F00F29FC5</string>
			</array>
			<key>defaultConfigurationIsVisible</key>
			<string>0</string>
			<key>defaultConfigurationName</key>
			<string>Release</string>
			<key>isa</key>
			<string>XCConfigurationList</string>
		</dict>
		<key>B63A79D01DA5559F00F29FC5</key>
		<dict>
			<key>baseConfigurationReference</key>
			<string>BD2E1327A2B361BC2953A2C7</string>
			<key>buildSettings</key>
			<dict>
				<key>ASSETCATALOG_COMPILER_APPICON_NAME</key>
				<string>AppIcon</string>
				<key>ASSETCATALOG_COMPILER_LAUNCHIMAGE_NAME</key>
				<string>LaunchImage</string>
				<key>DEVELOPMENT_TEAM</key>
				<string>K9G8A2A8Q6</string>
				<key>INFOPLIST_FILE</key>
				<string>Weibo/Info.plist</string>
				<key>IPHONEOS_DEPLOYMENT_TARGET</key>
				<string>8.0</string>
				<key>LD_RUNPATH_SEARCH_PATHS</key>
				<string>$(inherited) @executable_path/Frameworks</string>
				<key>PRODUCT_BUNDLE_IDENTIFIER</key>
				<string>chacha.Weibo</string>
				<key>PRODUCT_NAME</key>
				<string>$(TARGET_NAME)</string>
				<key>SWIFT_OBJC_BRIDGING_HEADER</key>
				<string>Weibo/Weibo-Bridge.h</string>
				<key>SWIFT_VERSION</key>
				<string>3.0</string>
			</dict>
			<key>isa</key>
			<string>XCBuildConfiguration</string>
			<key>name</key>
			<string>Debug</string>
		</dict>
		<key>B63A79D11DA5559F00F29FC5</key>
		<dict>
			<key>baseConfigurationReference</key>
			<string>54925D156B5DE6EAC636A67B</string>
			<key>buildSettings</key>
			<dict>
				<key>ASSETCATALOG_COMPILER_APPICON_NAME</key>
				<string>AppIcon</string>
				<key>ASSETCATALOG_COMPILER_LAUNCHIMAGE_NAME</key>
				<string>LaunchImage</string>
				<key>DEVELOPMENT_TEAM</key>
				<string>K9G8A2A8Q6</string>
				<key>INFOPLIST_FILE</key>
				<string>Weibo/Info.plist</string>
				<key>IPHONEOS_DEPLOYMENT_TARGET</key>
				<string>8.0</string>
				<key>LD_RUNPATH_SEARCH_PATHS</key>
				<string>$(inherited) @executable_path/Frameworks</string>
				<key>PRODUCT_BUNDLE_IDENTIFIER</key>
				<string>chacha.Weibo</string>
				<key>PRODUCT_NAME</key>
				<string>$(TARGET_NAME)</string>
				<key>SWIFT_OBJC_BRIDGING_HEADER</key>
				<string>Weibo/Weibo-Bridge.h</string>
				<key>SWIFT_VERSION</key>
				<string>3.0</string>
			</dict>
			<key>isa</key>
			<string>XCBuildConfiguration</string>
			<key>name</key>
			<string>Release</string>
		</dict>
		<key>B63A79D21DA5559F00F29FC5</key>
		<dict>
			<key>buildConfigurations</key>
			<array>
				<string>B63A79D31DA5559F00F29FC5</string>
				<string>B63A79D41DA5559F00F29FC5</string>
			</array>
			<key>defaultConfigurationIsVisible</key>
			<string>0</string>
			<key>defaultConfigurationName</key>
			<string>Release</string>
			<key>isa</key>
			<string>XCConfigurationList</string>
		</dict>
		<key>B63A79D31DA5559F00F29FC5</key>
		<dict>
			<key>buildSettings</key>
			<dict>
				<key>ALWAYS_EMBED_SWIFT_STANDARD_LIBRARIES</key>
				<string>YES</string>
				<key>BUNDLE_LOADER</key>
				<string>$(TEST_HOST)</string>
				<key>DEVELOPMENT_TEAM</key>
				<string>K9G8A2A8Q6</string>
				<key>INFOPLIST_FILE</key>
				<string>WeiboTests/Info.plist</string>
				<key>LD_RUNPATH_SEARCH_PATHS</key>
				<string>$(inherited) @executable_path/Frameworks @loader_path/Frameworks</string>
				<key>PRODUCT_BUNDLE_IDENTIFIER</key>
				<string>chacha.WeiboTests</string>
				<key>PRODUCT_NAME</key>
				<string>$(TARGET_NAME)</string>
				<key>SWIFT_VERSION</key>
				<string>3.0</string>
				<key>TEST_HOST</key>
				<string>$(BUILT_PRODUCTS_DIR)/Weibo.app/Weibo</string>
			</dict>
			<key>isa</key>
			<string>XCBuildConfiguration</string>
			<key>name</key>
			<string>Debug</string>
		</dict>
		<key>B63A79D41DA5559F00F29FC5</key>
		<dict>
			<key>buildSettings</key>
			<dict>
				<key>ALWAYS_EMBED_SWIFT_STANDARD_LIBRARIES</key>
				<string>YES</string>
				<key>BUNDLE_LOADER</key>
				<string>$(TEST_HOST)</string>
				<key>DEVELOPMENT_TEAM</key>
				<string>K9G8A2A8Q6</string>
				<key>INFOPLIST_FILE</key>
				<string>WeiboTests/Info.plist</string>
				<key>LD_RUNPATH_SEARCH_PATHS</key>
				<string>$(inherited) @executable_path/Frameworks @loader_path/Frameworks</string>
				<key>PRODUCT_BUNDLE_IDENTIFIER</key>
				<string>chacha.WeiboTests</string>
				<key>PRODUCT_NAME</key>
				<string>$(TARGET_NAME)</string>
				<key>SWIFT_VERSION</key>
				<string>3.0</string>
				<key>TEST_HOST</key>
				<string>$(BUILT_PRODUCTS_DIR)/Weibo.app/Weibo</string>
			</dict>
			<key>isa</key>
			<string>XCBuildConfiguration</string>
			<key>name</key>
			<string>Release</string>
		</dict>
		<key>B63A79D51DA5559F00F29FC5</key>
		<dict>
			<key>buildConfigurations</key>
			<array>
				<string>B63A79D61DA5559F00F29FC5</string>
				<string>B63A79D71DA5559F00F29FC5</string>
			</array>
			<key>defaultConfigurationIsVisible</key>
			<string>0</string>
			<key>defaultConfigurationName</key>
			<string>Release</string>
			<key>isa</key>
			<string>XCConfigurationList</string>
		</dict>
		<key>B63A79D61DA5559F00F29FC5</key>
		<dict>
			<key>buildSettings</key>
			<dict>
				<key>ALWAYS_EMBED_SWIFT_STANDARD_LIBRARIES</key>
				<string>YES</string>
				<key>DEVELOPMENT_TEAM</key>
				<string>K9G8A2A8Q6</string>
				<key>INFOPLIST_FILE</key>
				<string>WeiboUITests/Info.plist</string>
				<key>LD_RUNPATH_SEARCH_PATHS</key>
				<string>$(inherited) @executable_path/Frameworks @loader_path/Frameworks</string>
				<key>PRODUCT_BUNDLE_IDENTIFIER</key>
				<string>chacha.WeiboUITests</string>
				<key>PRODUCT_NAME</key>
				<string>$(TARGET_NAME)</string>
				<key>SWIFT_VERSION</key>
				<string>3.0</string>
				<key>TEST_TARGET_NAME</key>
				<string>Weibo</string>
			</dict>
			<key>isa</key>
			<string>XCBuildConfiguration</string>
			<key>name</key>
			<string>Debug</string>
		</dict>
		<key>B63A79D71DA5559F00F29FC5</key>
		<dict>
			<key>buildSettings</key>
			<dict>
				<key>ALWAYS_EMBED_SWIFT_STANDARD_LIBRARIES</key>
				<string>YES</string>
				<key>DEVELOPMENT_TEAM</key>
				<string>K9G8A2A8Q6</string>
				<key>INFOPLIST_FILE</key>
				<string>WeiboUITests/Info.plist</string>
				<key>LD_RUNPATH_SEARCH_PATHS</key>
				<string>$(inherited) @executable_path/Frameworks @loader_path/Frameworks</string>
				<key>PRODUCT_BUNDLE_IDENTIFIER</key>
				<string>chacha.WeiboUITests</string>
				<key>PRODUCT_NAME</key>
				<string>$(TARGET_NAME)</string>
				<key>SWIFT_VERSION</key>
				<string>3.0</string>
				<key>TEST_TARGET_NAME</key>
				<string>Weibo</string>
			</dict>
			<key>isa</key>
			<string>XCBuildConfiguration</string>
			<key>name</key>
			<string>Release</string>
		</dict>
		<key>B63A79D81DA55B4300F29FC5</key>
		<dict>
			<key>children</key>
			<array>
				<string>B6692D9C1DAFEB4D0028ED4E</string>
				<string>B6692D961DAFEB420028ED4E</string>
				<string>B6692D951DAFEB1A0028ED4E</string>
				<string>B6692D941DAFEB0E0028ED4E</string>
			</array>
			<key>isa</key>
			<string>PBXGroup</string>
			<key>name</key>
			<string>Classes</string>
			<key>sourceTree</key>
			<string>&lt;group&gt;</string>
		</dict>
		<key>B650E5471DBE5A65009623D0</key>
		<dict>
			<key>children</key>
			<array>
				<string>B650E5481DBE5AFC009623D0</string>
			</array>
			<key>isa</key>
			<string>PBXGroup</string>
			<key>path</key>
			<string>NetWork</string>
			<key>sourceTree</key>
			<string>&lt;group&gt;</string>
		</dict>
		<key>B650E5481DBE5AFC009623D0</key>
		<dict>
			<key>fileEncoding</key>
			<string>4</string>
			<key>isa</key>
			<string>PBXFileReference</string>
			<key>lastKnownFileType</key>
			<string>sourcecode.swift</string>
			<key>path</key>
			<string>CHANetworkManager.swift</string>
			<key>sourceTree</key>
			<string>&lt;group&gt;</string>
		</dict>
		<key>B650E5491DBE5AFC009623D0</key>
		<dict>
			<key>fileRef</key>
			<string>B650E5481DBE5AFC009623D0</string>
			<key>isa</key>
			<string>PBXBuildFile</string>
		</dict>
		<key>B650E8531DBE5C68009623D0</key>
		<dict>
			<key>fileEncoding</key>
			<string>4</string>
			<key>isa</key>
			<string>PBXFileReference</string>
			<key>lastKnownFileType</key>
			<string>text</string>
			<key>path</key>
			<string>Podfile</string>
			<key>sourceTree</key>
			<string>&lt;group&gt;</string>
			<key>xcLanguageSpecificationIdentifier</key>
			<string>xcode.lang.ruby</string>
		</dict>
		<key>B650E8541DBE5C68009623D0</key>
		<dict>
			<key>fileRef</key>
			<string>B650E8531DBE5C68009623D0</string>
			<key>isa</key>
			<string>PBXBuildFile</string>
		</dict>
		<key>B65D34981DB7CB14000D50C3</key>
		<dict>
			<key>fileEncoding</key>
			<string>4</string>
			<key>isa</key>
			<string>PBXFileReference</string>
			<key>lastKnownFileType</key>
			<string>text.json</string>
			<key>path</key>
			<string>main.json</string>
			<key>sourceTree</key>
			<string>&lt;group&gt;</string>
		</dict>
		<key>B65D34991DB7CB14000D50C3</key>
		<dict>
			<key>fileRef</key>
			<string>B65D34981DB7CB14000D50C3</string>
			<key>isa</key>
			<string>PBXBuildFile</string>
		</dict>
		<key>B6692D661DAFCCEC0028ED4E</key>
		<dict>
			<key>isa</key>
			<string>PBXFileReference</string>
			<key>lastKnownFileType</key>
			<string>sourcecode.c.h</string>
			<key>path</key>
			<string>Weibo-Bridge.h</string>
			<key>sourceTree</key>
			<string>&lt;group&gt;</string>
		</dict>
		<key>B6692D941DAFEB0E0028ED4E</key>
		<dict>
			<key>children</key>
			<array/>
			<key>isa</key>
			<string>PBXGroup</string>
			<key>name</key>
			<string>Model</string>
			<key>path</key>
			<string>Classes/Model</string>
			<key>sourceTree</key>
			<string>&lt;group&gt;</string>
		</dict>
		<key>B6692D951DAFEB1A0028ED4E</key>
		<dict>
			<key>children</key>
			<array>
				<string>B650E5471DBE5A65009623D0</string>
				<string>B6692DC41DAFEC9B0028ED4E</string>
				<string>B6692D9E1DAFEC430028ED4E</string>
			</array>
			<key>isa</key>
			<string>PBXGroup</string>
			<key>name</key>
			<string>Tools</string>
			<key>path</key>
			<string>Classes/Model/Tools</string>
			<key>sourceTree</key>
			<string>&lt;group&gt;</string>
		</dict>
		<key>B6692D961DAFEB420028ED4E</key>
		<dict>
			<key>children</key>
			<array>
				<string>B6692D971DAFEB420028ED4E</string>
				<string>B6692D981DAFEB420028ED4E</string>
				<string>B6692D991DAFEB420028ED4E</string>
				<string>B6692D9A1DAFEB420028ED4E</string>
				<string>B6692D9B1DAFEB420028ED4E</string>
			</array>
			<key>isa</key>
			<string>PBXGroup</string>
			<key>name</key>
			<string>View</string>
			<key>path</key>
			<string>Classes/View</string>
			<key>sourceTree</key>
			<string>&lt;group&gt;</string>
		</dict>
		<key>B6692D971DAFEB420028ED4E</key>
		<dict>
			<key>children</key>
			<array>
				<string>B6692DCD1DAFEE190028ED4E</string>
			</array>
			<key>isa</key>
			<string>PBXGroup</string>
			<key>path</key>
			<string>Discover</string>
			<key>sourceTree</key>
			<string>&lt;group&gt;</string>
		</dict>
		<key>B6692D981DAFEB420028ED4E</key>
		<dict>
			<key>children</key>
			<array>
				<string>B6692DCF1DAFEE480028ED4E</string>
			</array>
			<key>isa</key>
			<string>PBXGroup</string>
			<key>path</key>
			<string>Home</string>
			<key>sourceTree</key>
			<string>&lt;group&gt;</string>
		</dict>
		<key>B6692D991DAFEB420028ED4E</key>
		<dict>
			<key>children</key>
			<array>
				<string>B65D34981DB7CB14000D50C3</string>
				<string>B6692D9D1DAFEBCF0028ED4E</string>
				<string>B6692DC71DAFED270028ED4E</string>
				<string>B6692DC91DAFED7B0028ED4E</string>
				<string>B6692DCB1DAFEDCE0028ED4E</string>
				<string>B673A4541DB51D830055C419</string>
			</array>
			<key>isa</key>
			<string>PBXGroup</string>
			<key>path</key>
			<string>Main</string>
			<key>sourceTree</key>
			<string>&lt;group&gt;</string>
		</dict>
		<key>B6692D9A1DAFEB420028ED4E</key>
		<dict>
			<key>children</key>
			<array>
				<string>B6692DD11DAFEE580028ED4E</string>
			</array>
			<key>isa</key>
			<string>PBXGroup</string>
			<key>path</key>
			<string>Message</string>
			<key>sourceTree</key>
			<string>&lt;group&gt;</string>
		</dict>
		<key>B6692D9B1DAFEB420028ED4E</key>
		<dict>
			<key>children</key>
			<array>
				<string>B6692DD31DAFEE650028ED4E</string>
			</array>
			<key>isa</key>
			<string>PBXGroup</string>
			<key>path</key>
			<string>Profile</string>
			<key>sourceTree</key>
			<string>&lt;group&gt;</string>
		</dict>
		<key>B6692D9C1DAFEB4D0028ED4E</key>
		<dict>
			<key>children</key>
			<array/>
			<key>isa</key>
			<string>PBXGroup</string>
			<key>name</key>
			<string>ViewModel</string>
			<key>path</key>
			<string>Classes/ViewModel</string>
			<key>sourceTree</key>
			<string>&lt;group&gt;</string>
		</dict>
		<key>B6692D9D1DAFEBCF0028ED4E</key>
		<dict>
			<key>children</key>
			<array>
				<string>B6692DD51DAFEF090028ED4E</string>
			</array>
			<key>isa</key>
			<string>PBXGroup</string>
			<key>path</key>
			<string>Test</string>
			<key>sourceTree</key>
			<string>&lt;group&gt;</string>
		</dict>
		<key>B6692D9E1DAFEC430028ED4E</key>
		<dict>
			<key>children</key>
			<array>
				<string>B6692D9F1DAFEC430028ED4E</string>
				<string>B6692DA01DAFEC430028ED4E</string>
				<string>B6692DA11DAFEC430028ED4E</string>
				<string>B6692DA21DAFEC430028ED4E</string>
				<string>B6692DA31DAFEC430028ED4E</string>
				<string>B6692DA41DAFEC430028ED4E</string>
				<string>B6692DA51DAFEC430028ED4E</string>
				<string>B6692DA61DAFEC430028ED4E</string>
				<string>B6692DA71DAFEC430028ED4E</string>
				<string>B6692DA81DAFEC430028ED4E</string>
				<string>B6692DA91DAFEC430028ED4E</string>
				<string>B6692DAA1DAFEC430028ED4E</string>
				<string>B6692DAB1DAFEC430028ED4E</string>
				<string>B6692DAC1DAFEC430028ED4E</string>
				<string>B6692DAD1DAFEC430028ED4E</string>
				<string>B6692DAE1DAFEC430028ED4E</string>
				<string>B6692DAF1DAFEC430028ED4E</string>
				<string>B6692DB01DAFEC430028ED4E</string>
				<string>B6692DB11DAFEC430028ED4E</string>
				<string>B6692DB21DAFEC430028ED4E</string>
				<string>B6692DB31DAFEC430028ED4E</string>
				<string>B6692DB41DAFEC430028ED4E</string>
				<string>B6692DB51DAFEC430028ED4E</string>
				<string>B6692DB61DAFEC430028ED4E</string>
				<string>B6692DB71DAFEC430028ED4E</string>
			</array>
			<key>isa</key>
			<string>PBXGroup</string>
			<key>path</key>
			<string>Additions</string>
			<key>sourceTree</key>
			<string>&lt;group&gt;</string>
		</dict>
		<key>B6692D9F1DAFEC430028ED4E</key>
		<dict>
			<key>fileEncoding</key>
			<string>4</string>
			<key>isa</key>
			<string>PBXFileReference</string>
			<key>lastKnownFileType</key>
			<string>sourcecode.c.h</string>
			<key>path</key>
			<string>CZAdditions.h</string>
			<key>sourceTree</key>
			<string>&lt;group&gt;</string>
		</dict>
		<key>B6692DA01DAFEC430028ED4E</key>
		<dict>
			<key>fileEncoding</key>
			<string>4</string>
			<key>isa</key>
			<string>PBXFileReference</string>
			<key>lastKnownFileType</key>
			<string>sourcecode.c.h</string>
			<key>path</key>
			<string>NSArray+Log.h</string>
			<key>sourceTree</key>
			<string>&lt;group&gt;</string>
		</dict>
		<key>B6692DA11DAFEC430028ED4E</key>
		<dict>
			<key>fileEncoding</key>
			<string>4</string>
			<key>isa</key>
			<string>PBXFileReference</string>
			<key>lastKnownFileType</key>
			<string>sourcecode.c.objc</string>
			<key>path</key>
			<string>NSArray+Log.m</string>
			<key>sourceTree</key>
			<string>&lt;group&gt;</string>
		</dict>
		<key>B6692DA21DAFEC430028ED4E</key>
		<dict>
			<key>fileEncoding</key>
			<string>4</string>
			<key>isa</key>
			<string>PBXFileReference</string>
			<key>lastKnownFileType</key>
			<string>sourcecode.c.h</string>
			<key>path</key>
			<string>NSAttributedString+CZAdditon.h</string>
			<key>sourceTree</key>
			<string>&lt;group&gt;</string>
		</dict>
		<key>B6692DA31DAFEC430028ED4E</key>
		<dict>
			<key>fileEncoding</key>
			<string>4</string>
			<key>isa</key>
			<string>PBXFileReference</string>
			<key>lastKnownFileType</key>
			<string>sourcecode.c.objc</string>
			<key>path</key>
			<string>NSAttributedString+CZAdditon.m</string>
			<key>sourceTree</key>
			<string>&lt;group&gt;</string>
		</dict>
		<key>B6692DA41DAFEC430028ED4E</key>
		<dict>
			<key>fileEncoding</key>
			<string>4</string>
			<key>isa</key>
			<string>PBXFileReference</string>
			<key>lastKnownFileType</key>
			<string>sourcecode.c.h</string>
			<key>path</key>
			<string>NSObject+CZRuntime.h</string>
			<key>sourceTree</key>
			<string>&lt;group&gt;</string>
		</dict>
		<key>B6692DA51DAFEC430028ED4E</key>
		<dict>
			<key>fileEncoding</key>
			<string>4</string>
			<key>isa</key>
			<string>PBXFileReference</string>
			<key>lastKnownFileType</key>
			<string>sourcecode.c.objc</string>
			<key>path</key>
			<string>NSObject+CZRuntime.m</string>
			<key>sourceTree</key>
			<string>&lt;group&gt;</string>
		</dict>
		<key>B6692DA61DAFEC430028ED4E</key>
		<dict>
			<key>fileEncoding</key>
			<string>4</string>
			<key>isa</key>
			<string>PBXFileReference</string>
			<key>lastKnownFileType</key>
			<string>sourcecode.c.h</string>
			<key>path</key>
			<string>NSString+CZBase64.h</string>
			<key>sourceTree</key>
			<string>&lt;group&gt;</string>
		</dict>
		<key>B6692DA71DAFEC430028ED4E</key>
		<dict>
			<key>fileEncoding</key>
			<string>4</string>
			<key>isa</key>
			<string>PBXFileReference</string>
			<key>lastKnownFileType</key>
			<string>sourcecode.c.objc</string>
			<key>path</key>
			<string>NSString+CZBase64.m</string>
			<key>sourceTree</key>
			<string>&lt;group&gt;</string>
		</dict>
		<key>B6692DA81DAFEC430028ED4E</key>
		<dict>
			<key>fileEncoding</key>
			<string>4</string>
			<key>isa</key>
			<string>PBXFileReference</string>
			<key>lastKnownFileType</key>
			<string>sourcecode.c.h</string>
			<key>path</key>
			<string>NSString+CZHash.h</string>
			<key>sourceTree</key>
			<string>&lt;group&gt;</string>
		</dict>
		<key>B6692DA91DAFEC430028ED4E</key>
		<dict>
			<key>fileEncoding</key>
			<string>4</string>
			<key>isa</key>
			<string>PBXFileReference</string>
			<key>lastKnownFileType</key>
			<string>sourcecode.c.objc</string>
			<key>path</key>
			<string>NSString+CZHash.m</string>
			<key>sourceTree</key>
			<string>&lt;group&gt;</string>
		</dict>
		<key>B6692DAA1DAFEC430028ED4E</key>
		<dict>
			<key>fileEncoding</key>
			<string>4</string>
			<key>isa</key>
			<string>PBXFileReference</string>
			<key>lastKnownFileType</key>
			<string>sourcecode.c.h</string>
			<key>path</key>
			<string>NSString+CZPath.h</string>
			<key>sourceTree</key>
			<string>&lt;group&gt;</string>
		</dict>
		<key>B6692DAB1DAFEC430028ED4E</key>
		<dict>
			<key>fileEncoding</key>
			<string>4</string>
			<key>isa</key>
			<string>PBXFileReference</string>
			<key>lastKnownFileType</key>
			<string>sourcecode.c.objc</string>
			<key>path</key>
			<string>NSString+CZPath.m</string>
			<key>sourceTree</key>
			<string>&lt;group&gt;</string>
		</dict>
		<key>B6692DAC1DAFEC430028ED4E</key>
		<dict>
			<key>fileEncoding</key>
			<string>4</string>
			<key>isa</key>
			<string>PBXFileReference</string>
			<key>lastKnownFileType</key>
			<string>sourcecode.c.h</string>
			<key>path</key>
			<string>UIButton+CZAddition.h</string>
			<key>sourceTree</key>
			<string>&lt;group&gt;</string>
		</dict>
		<key>B6692DAD1DAFEC430028ED4E</key>
		<dict>
			<key>fileEncoding</key>
			<string>4</string>
			<key>isa</key>
			<string>PBXFileReference</string>
			<key>lastKnownFileType</key>
			<string>sourcecode.c.objc</string>
			<key>path</key>
			<string>UIButton+CZAddition.m</string>
			<key>sourceTree</key>
			<string>&lt;group&gt;</string>
		</dict>
		<key>B6692DAE1DAFEC430028ED4E</key>
		<dict>
			<key>fileEncoding</key>
			<string>4</string>
			<key>isa</key>
			<string>PBXFileReference</string>
			<key>lastKnownFileType</key>
			<string>sourcecode.c.h</string>
			<key>path</key>
			<string>UIColor+CZAddition.h</string>
			<key>sourceTree</key>
			<string>&lt;group&gt;</string>
		</dict>
		<key>B6692DAF1DAFEC430028ED4E</key>
		<dict>
			<key>fileEncoding</key>
			<string>4</string>
			<key>isa</key>
			<string>PBXFileReference</string>
			<key>lastKnownFileType</key>
			<string>sourcecode.c.objc</string>
			<key>path</key>
			<string>UIColor+CZAddition.m</string>
			<key>sourceTree</key>
			<string>&lt;group&gt;</string>
		</dict>
		<key>B6692DB01DAFEC430028ED4E</key>
		<dict>
			<key>fileEncoding</key>
			<string>4</string>
			<key>isa</key>
			<string>PBXFileReference</string>
			<key>lastKnownFileType</key>
			<string>sourcecode.c.h</string>
			<key>path</key>
			<string>UILabel+CZAddition.h</string>
			<key>sourceTree</key>
			<string>&lt;group&gt;</string>
		</dict>
		<key>B6692DB11DAFEC430028ED4E</key>
		<dict>
			<key>fileEncoding</key>
			<string>4</string>
			<key>isa</key>
			<string>PBXFileReference</string>
			<key>lastKnownFileType</key>
			<string>sourcecode.c.objc</string>
			<key>path</key>
			<string>UILabel+CZAddition.m</string>
			<key>sourceTree</key>
			<string>&lt;group&gt;</string>
		</dict>
		<key>B6692DB21DAFEC430028ED4E</key>
		<dict>
			<key>fileEncoding</key>
			<string>4</string>
			<key>isa</key>
			<string>PBXFileReference</string>
			<key>lastKnownFileType</key>
			<string>sourcecode.c.h</string>
			<key>path</key>
			<string>UIScreen+CZAddition.h</string>
			<key>sourceTree</key>
			<string>&lt;group&gt;</string>
		</dict>
		<key>B6692DB31DAFEC430028ED4E</key>
		<dict>
			<key>fileEncoding</key>
			<string>4</string>
			<key>isa</key>
			<string>PBXFileReference</string>
			<key>lastKnownFileType</key>
			<string>sourcecode.c.objc</string>
			<key>path</key>
			<string>UIScreen+CZAddition.m</string>
			<key>sourceTree</key>
			<string>&lt;group&gt;</string>
		</dict>
		<key>B6692DB41DAFEC430028ED4E</key>
		<dict>
			<key>fileEncoding</key>
			<string>4</string>
			<key>isa</key>
			<string>PBXFileReference</string>
			<key>lastKnownFileType</key>
			<string>sourcecode.c.h</string>
			<key>path</key>
			<string>UIView+CZAddition.h</string>
			<key>sourceTree</key>
			<string>&lt;group&gt;</string>
		</dict>
		<key>B6692DB51DAFEC430028ED4E</key>
		<dict>
			<key>fileEncoding</key>
			<string>4</string>
			<key>isa</key>
			<string>PBXFileReference</string>
			<key>lastKnownFileType</key>
			<string>sourcecode.c.objc</string>
			<key>path</key>
			<string>UIView+CZAddition.m</string>
			<key>sourceTree</key>
			<string>&lt;group&gt;</string>
		</dict>
		<key>B6692DB61DAFEC430028ED4E</key>
		<dict>
			<key>fileEncoding</key>
			<string>4</string>
			<key>isa</key>
			<string>PBXFileReference</string>
			<key>lastKnownFileType</key>
			<string>sourcecode.c.h</string>
			<key>path</key>
			<string>UIViewController+CZAddition.h</string>
			<key>sourceTree</key>
			<string>&lt;group&gt;</string>
		</dict>
		<key>B6692DB71DAFEC430028ED4E</key>
		<dict>
			<key>fileEncoding</key>
			<string>4</string>
			<key>isa</key>
			<string>PBXFileReference</string>
			<key>lastKnownFileType</key>
			<string>sourcecode.c.objc</string>
			<key>path</key>
			<string>UIViewController+CZAddition.m</string>
			<key>sourceTree</key>
			<string>&lt;group&gt;</string>
		</dict>
		<key>B6692DB81DAFEC430028ED4E</key>
		<dict>
			<key>fileRef</key>
			<string>B6692DA11DAFEC430028ED4E</string>
			<key>isa</key>
			<string>PBXBuildFile</string>
		</dict>
		<key>B6692DB91DAFEC430028ED4E</key>
		<dict>
			<key>fileRef</key>
			<string>B6692DA31DAFEC430028ED4E</string>
			<key>isa</key>
			<string>PBXBuildFile</string>
		</dict>
		<key>B6692DBA1DAFEC430028ED4E</key>
		<dict>
			<key>fileRef</key>
			<string>B6692DA51DAFEC430028ED4E</string>
			<key>isa</key>
			<string>PBXBuildFile</string>
		</dict>
		<key>B6692DBB1DAFEC430028ED4E</key>
		<dict>
			<key>fileRef</key>
			<string>B6692DA71DAFEC430028ED4E</string>
			<key>isa</key>
			<string>PBXBuildFile</string>
		</dict>
		<key>B6692DBC1DAFEC430028ED4E</key>
		<dict>
			<key>fileRef</key>
			<string>B6692DA91DAFEC430028ED4E</string>
			<key>isa</key>
			<string>PBXBuildFile</string>
		</dict>
		<key>B6692DBD1DAFEC430028ED4E</key>
		<dict>
			<key>fileRef</key>
			<string>B6692DAB1DAFEC430028ED4E</string>
			<key>isa</key>
			<string>PBXBuildFile</string>
		</dict>
		<key>B6692DBE1DAFEC430028ED4E</key>
		<dict>
			<key>fileRef</key>
			<string>B6692DAD1DAFEC430028ED4E</string>
			<key>isa</key>
			<string>PBXBuildFile</string>
		</dict>
		<key>B6692DBF1DAFEC430028ED4E</key>
		<dict>
			<key>fileRef</key>
			<string>B6692DAF1DAFEC430028ED4E</string>
			<key>isa</key>
			<string>PBXBuildFile</string>
		</dict>
		<key>B6692DC01DAFEC430028ED4E</key>
		<dict>
			<key>fileRef</key>
			<string>B6692DB11DAFEC430028ED4E</string>
			<key>isa</key>
			<string>PBXBuildFile</string>
		</dict>
		<key>B6692DC11DAFEC430028ED4E</key>
		<dict>
			<key>fileRef</key>
			<string>B6692DB31DAFEC430028ED4E</string>
			<key>isa</key>
			<string>PBXBuildFile</string>
		</dict>
		<key>B6692DC21DAFEC430028ED4E</key>
		<dict>
			<key>fileRef</key>
			<string>B6692DB51DAFEC430028ED4E</string>
			<key>isa</key>
			<string>PBXBuildFile</string>
		</dict>
		<key>B6692DC31DAFEC430028ED4E</key>
		<dict>
			<key>fileRef</key>
			<string>B6692DB71DAFEC430028ED4E</string>
			<key>isa</key>
			<string>PBXBuildFile</string>
		</dict>
		<key>B6692DC41DAFEC9B0028ED4E</key>
		<dict>
			<key>children</key>
			<array>
				<string>B6692DC51DAFECB70028ED4E</string>
				<string>B6CDBB3A1DB116E700CD726D</string>
			</array>
			<key>isa</key>
			<string>PBXGroup</string>
			<key>path</key>
			<string>Extensions</string>
			<key>sourceTree</key>
			<string>&lt;group&gt;</string>
		</dict>
		<key>B6692DC51DAFECB70028ED4E</key>
		<dict>
			<key>fileEncoding</key>
			<string>4</string>
			<key>isa</key>
			<string>PBXFileReference</string>
			<key>lastKnownFileType</key>
			<string>sourcecode.swift</string>
			<key>path</key>
			<string>Bundle+Extensions.swift</string>
			<key>sourceTree</key>
			<string>&lt;group&gt;</string>
		</dict>
		<key>B6692DC61DAFECB70028ED4E</key>
		<dict>
			<key>fileRef</key>
			<string>B6692DC51DAFECB70028ED4E</string>
			<key>isa</key>
			<string>PBXBuildFile</string>
		</dict>
		<key>B6692DC71DAFED270028ED4E</key>
		<dict>
			<key>fileEncoding</key>
			<string>4</string>
			<key>isa</key>
			<string>PBXFileReference</string>
			<key>lastKnownFileType</key>
			<string>sourcecode.swift</string>
			<key>path</key>
			<string>CHABaseViewController.swift</string>
			<key>sourceTree</key>
			<string>&lt;group&gt;</string>
		</dict>
		<key>B6692DC81DAFED270028ED4E</key>
		<dict>
			<key>fileRef</key>
			<string>B6692DC71DAFED270028ED4E</string>
			<key>isa</key>
			<string>PBXBuildFile</string>
		</dict>
		<key>B6692DC91DAFED7B0028ED4E</key>
		<dict>
			<key>fileEncoding</key>
			<string>4</string>
			<key>isa</key>
			<string>PBXFileReference</string>
			<key>lastKnownFileType</key>
			<string>sourcecode.swift</string>
			<key>path</key>
			<string>CHAMainViewController.swift</string>
			<key>sourceTree</key>
			<string>&lt;group&gt;</string>
		</dict>
		<key>B6692DCA1DAFED7B0028ED4E</key>
		<dict>
			<key>fileRef</key>
			<string>B6692DC91DAFED7B0028ED4E</string>
			<key>isa</key>
			<string>PBXBuildFile</string>
		</dict>
		<key>B6692DCB1DAFEDCE0028ED4E</key>
		<dict>
			<key>fileEncoding</key>
			<string>4</string>
			<key>isa</key>
			<string>PBXFileReference</string>
			<key>lastKnownFileType</key>
			<string>sourcecode.swift</string>
			<key>path</key>
			<string>CHANavigationController.swift</string>
			<key>sourceTree</key>
			<string>&lt;group&gt;</string>
		</dict>
		<key>B6692DCC1DAFEDCE0028ED4E</key>
		<dict>
			<key>fileRef</key>
			<string>B6692DCB1DAFEDCE0028ED4E</string>
			<key>isa</key>
			<string>PBXBuildFile</string>
		</dict>
		<key>B6692DCD1DAFEE190028ED4E</key>
		<dict>
			<key>fileEncoding</key>
			<string>4</string>
			<key>isa</key>
			<string>PBXFileReference</string>
			<key>lastKnownFileType</key>
			<string>sourcecode.swift</string>
			<key>path</key>
			<string>CHADiscoverViewController.swift</string>
			<key>sourceTree</key>
			<string>&lt;group&gt;</string>
		</dict>
		<key>B6692DCE1DAFEE190028ED4E</key>
		<dict>
			<key>fileRef</key>
			<string>B6692DCD1DAFEE190028ED4E</string>
			<key>isa</key>
			<string>PBXBuildFile</string>
		</dict>
		<key>B6692DCF1DAFEE480028ED4E</key>
		<dict>
			<key>fileEncoding</key>
			<string>4</string>
			<key>isa</key>
			<string>PBXFileReference</string>
			<key>lastKnownFileType</key>
			<string>sourcecode.swift</string>
			<key>path</key>
			<string>CHAHomeViewController.swift</string>
			<key>sourceTree</key>
			<string>&lt;group&gt;</string>
		</dict>
		<key>B6692DD01DAFEE480028ED4E</key>
		<dict>
			<key>fileRef</key>
			<string>B6692DCF1DAFEE480028ED4E</string>
			<key>isa</key>
			<string>PBXBuildFile</string>
		</dict>
		<key>B6692DD11DAFEE580028ED4E</key>
		<dict>
			<key>fileEncoding</key>
			<string>4</string>
			<key>isa</key>
			<string>PBXFileReference</string>
			<key>lastKnownFileType</key>
			<string>sourcecode.swift</string>
			<key>path</key>
			<string>CHAMessageViewController.swift</string>
			<key>sourceTree</key>
			<string>&lt;group&gt;</string>
		</dict>
		<key>B6692DD21DAFEE580028ED4E</key>
		<dict>
			<key>fileRef</key>
			<string>B6692DD11DAFEE580028ED4E</string>
			<key>isa</key>
			<string>PBXBuildFile</string>
		</dict>
		<key>B6692DD31DAFEE650028ED4E</key>
		<dict>
			<key>fileEncoding</key>
			<string>4</string>
			<key>isa</key>
			<string>PBXFileReference</string>
			<key>lastKnownFileType</key>
			<string>sourcecode.swift</string>
			<key>path</key>
			<string>CHAProfileViewController.swift</string>
			<key>sourceTree</key>
			<string>&lt;group&gt;</string>
		</dict>
		<key>B6692DD41DAFEE650028ED4E</key>
		<dict>
			<key>fileRef</key>
			<string>B6692DD31DAFEE650028ED4E</string>
			<key>isa</key>
			<string>PBXBuildFile</string>
		</dict>
		<key>B6692DD51DAFEF090028ED4E</key>
		<dict>
			<key>fileEncoding</key>
			<string>4</string>
			<key>isa</key>
			<string>PBXFileReference</string>
			<key>lastKnownFileType</key>
			<string>sourcecode.swift</string>
			<key>path</key>
			<string>CHADemoViewController.swift</string>
			<key>sourceTree</key>
			<string>&lt;group&gt;</string>
		</dict>
		<key>B6692DD61DAFEF090028ED4E</key>
		<dict>
			<key>fileRef</key>
			<string>B6692DD51DAFEF090028ED4E</string>
			<key>isa</key>
			<string>PBXBuildFile</string>
		</dict>
		<key>B673A4541DB51D830055C419</key>
		<dict>
			<key>children</key>
			<array>
				<string>B673A4551DB51DAC0055C419</string>
			</array>
			<key>isa</key>
			<string>PBXGroup</string>
			<key>path</key>
			<string>VisitorView</string>
			<key>sourceTree</key>
			<string>&lt;group&gt;</string>
		</dict>
		<key>B673A4551DB51DAC0055C419</key>
		<dict>
			<key>fileEncoding</key>
			<string>4</string>
			<key>isa</key>
			<string>PBXFileReference</string>
			<key>lastKnownFileType</key>
			<string>sourcecode.swift</string>
			<key>path</key>
			<string>CHAVisitorViewController.swift</string>
			<key>sourceTree</key>
			<string>&lt;group&gt;</string>
		</dict>
		<key>B673A4561DB51DAC0055C419</key>
		<dict>
			<key>fileRef</key>
			<string>B673A4551DB51DAC0055C419</string>
			<key>isa</key>
			<string>PBXBuildFile</string>
		</dict>
		<key>B6CDBB3A1DB116E700CD726D</key>
		<dict>
			<key>fileEncoding</key>
			<string>4</string>
			<key>isa</key>
			<string>PBXFileReference</string>
			<key>lastKnownFileType</key>
			<string>sourcecode.swift</string>
			<key>path</key>
			<string>UIBarButtonItem+Extension.swift</string>
			<key>sourceTree</key>
			<string>&lt;group&gt;</string>
		</dict>
		<key>B6CDBB3B1DB116E700CD726D</key>
		<dict>
			<key>fileRef</key>
			<string>B6CDBB3A1DB116E700CD726D</string>
			<key>isa</key>
			<string>PBXBuildFile</string>
		</dict>
		<key>BD2E1327A2B361BC2953A2C7</key>
		<dict>
			<key>includeInIndex</key>
			<string>1</string>
			<key>isa</key>
			<string>PBXFileReference</string>
			<key>lastKnownFileType</key>
			<string>text.xcconfig</string>
			<key>name</key>
			<string>Pods-Weibo.debug.xcconfig</string>
			<key>path</key>
			<string>Pods/Target Support Files/Pods-Weibo/Pods-Weibo.debug.xcconfig</string>
			<key>sourceTree</key>
			<string>&lt;group&gt;</string>
		</dict>
		<key>E7F9B729EEE61BCDF6856727</key>
		<dict>
			<key>children</key>
			<array>
				<string>BD2E1327A2B361BC2953A2C7</string>
				<string>54925D156B5DE6EAC636A67B</string>
			</array>
			<key>isa</key>
			<string>PBXGroup</string>
			<key>name</key>
			<string>Pods</string>
			<key>sourceTree</key>
			<string>&lt;group&gt;</string>
		</dict>
	</dict>
	<key>rootObject</key>
	<string>B63A799F1DA5559F00F29FC5</string>
</dict>
</plist>
